
Microsoft Visual Studio Solution File, Format Version 12.00
# Visual Studio Version 16
VisualStudioVersion = 16.0.33130.400
MinimumVisualStudioVersion = 10.0.40219.1
Project("{FAE04EC0-301F-11D3-BF4B-00C04F79EFBC}") = "assginment3", "assginment3\assginment3.csproj", "{3DE66A57-3E0D-4F12-AFCE-D9F68EA5647A}"
EndProject
Global
	GlobalSection(SolutionConfigurationPlatforms) = preSolution
		Debug|Any CPU = Debug|Any CPU
		Release|Any CPU = Release|Any CPU
	EndGlobalSection
	GlobalSection(ProjectConfigurationPlatforms) = postSolution
		{3DE66A57-3E0D-4F12-AFCE-D9F68EA5647A}.Debug|Any CPU.ActiveCfg = Debug|Any CPU
		{3DE66A57-3E0D-4F12-AFCE-D9F68EA5647A}.Debug|Any CPU.Build.0 = Debug|Any CPU
		{3DE66A57-3E0D-4F12-AFCE-D9F68EA5647A}.Release|Any CPU.ActiveCfg = Release|Any CPU
		{3DE66A57-3E0D-4F12-AFCE-D9F68EA5647A}.Release|Any CPU.Build.0 = Release|Any CPU
	EndGlobalSection
	GlobalSection(SolutionProperties) = preSolution
		HideSolutionNode = FALSE
	EndGlobalSection
	GlobalSection(ExtensibilityGlobals) = postSolution
		SolutionGuid = {11954D54-5C6D-4B7C-AE67-9872ADB803F4}
	EndGlobalSection
EndGlobal
